// !$*UTF8*$!
{
	archiveVersion = 1;
	classes = {
	};
	objectVersion = 50;
	objects = {

/* Begin PBXBuildFile section */
		362BC2AD21BA7031000D37EA /* ThreadsViewDatasource.swift in Sources */ = {isa = PBXBuildFile; fileRef = 362BC2AC21BA7031000D37EA /* ThreadsViewDatasource.swift */; };
		3661AE2E21B912B500961F2A /* AppDelegate.swift in Sources */ = {isa = PBXBuildFile; fileRef = 3661AE2D21B912B500961F2A /* AppDelegate.swift */; };
		3661AE3021B912B500961F2A /* Document.swift in Sources */ = {isa = PBXBuildFile; fileRef = 3661AE2F21B912B500961F2A /* Document.swift */; };
		3661AE3321B912B500961F2A /* Document.xib in Resources */ = {isa = PBXBuildFile; fileRef = 3661AE3121B912B500961F2A /* Document.xib */; };
		3661AE3521B912B600961F2A /* Assets.xcassets in Resources */ = {isa = PBXBuildFile; fileRef = 3661AE3421B912B600961F2A /* Assets.xcassets */; };
		3661AE3821B912B600961F2A /* MainMenu.xib in Resources */ = {isa = PBXBuildFile; fileRef = 3661AE3621B912B600961F2A /* MainMenu.xib */; };
		3661AE4421B912B600961F2A /* PLCrash_ViewerTests.swift in Sources */ = {isa = PBXBuildFile; fileRef = 3661AE4321B912B600961F2A /* PLCrash_ViewerTests.swift */; };
		3661AE6721B9134400961F2A /* libCrashReporter-MacOSX-Static.a in Frameworks */ = {isa = PBXBuildFile; fileRef = 3661AE6621B9134400961F2A /* libCrashReporter-MacOSX-Static.a */; };
		5B4368EB2731B77B007F2E53 /* CachingSymbolizer.swift in Sources */ = {isa = PBXBuildFile; fileRef = 5B85459E26F36A9B006F3CED /* CachingSymbolizer.swift */; };
		5B70726E21CAA7F9001749F1 /* PreferenceWindow.xib in Resources */ = {isa = PBXBuildFile; fileRef = 5B70726C21CAA7F9001749F1 /* PreferenceWindow.xib */; };
		5B70727121CAAB7C001749F1 /* PreferenceWindowController.swift in Sources */ = {isa = PBXBuildFile; fileRef = 5B70727021CAAB7C001749F1 /* PreferenceWindowController.swift */; };
		5B70727321CABC7E001749F1 /* DSYMSymbolizer.swift in Sources */ = {isa = PBXBuildFile; fileRef = 5B70727221CABC7E001749F1 /* DSYMSymbolizer.swift */; };
		5B85459F26F36A9B006F3CED /* CachingSymbolizer.swift in Sources */ = {isa = PBXBuildFile; fileRef = 5B85459E26F36A9B006F3CED /* CachingSymbolizer.swift */; };
		5B8545A726F36B23006F3CED /* Symbolizer.swift in Sources */ = {isa = PBXBuildFile; fileRef = 5B8545A626F36B23006F3CED /* Symbolizer.swift */; };
		5BB196512722FC01008F3942 /* DSYMSymbolizer.swift in Sources */ = {isa = PBXBuildFile; fileRef = 5B70727221CABC7E001749F1 /* DSYMSymbolizer.swift */; };
		5BB196522722FC04008F3942 /* Symbolizer.swift in Sources */ = {isa = PBXBuildFile; fileRef = 5B8545A626F36B23006F3CED /* Symbolizer.swift */; };
		5BF0B0B42722E689005203AD /* Arguments.swift in Sources */ = {isa = PBXBuildFile; fileRef = 5BF0B0B12722E689005203AD /* Arguments.swift */; };
		5BF0B0B52722E689005203AD /* main.swift in Sources */ = {isa = PBXBuildFile; fileRef = 5BF0B0B22722E689005203AD /* main.swift */; };
		5BF0B0B62722E7A7005203AD /* libCrashReporter-MacOSX-Static.a in Frameworks */ = {isa = PBXBuildFile; fileRef = 3661AE6621B9134400961F2A /* libCrashReporter-MacOSX-Static.a */; };
		5BF0B0B82722EB03005203AD /* CrashReport.swift in Sources */ = {isa = PBXBuildFile; fileRef = 5BF0B0B72722EB03005203AD /* CrashReport.swift */; };
		5BF0B0B92722EB1B005203AD /* CrashReport.swift in Sources */ = {isa = PBXBuildFile; fileRef = 5BF0B0B72722EB03005203AD /* CrashReport.swift */; };
		5BF0B0BB2722ED4F005203AD /* JSONDump.swift in Sources */ = {isa = PBXBuildFile; fileRef = 5BF0B0BA2722ED4F005203AD /* JSONDump.swift */; };
/* End PBXBuildFile section */

/* Begin PBXContainerItemProxy section */
		3661AE4021B912B600961F2A /* PBXContainerItemProxy */ = {
			isa = PBXContainerItemProxy;
			containerPortal = 3661AE2221B912B500961F2A /* Project object */;
			proxyType = 1;
			remoteGlobalIDString = 3661AE2921B912B500961F2A;
			remoteInfo = "PLCrash Viewer";
		};
/* End PBXContainerItemProxy section */

/* Begin PBXCopyFilesBuildPhase section */
		5BF0B0A82722E67C005203AD /* CopyFiles */ = {
			isa = PBXCopyFilesBuildPhase;
			buildActionMask = 2147483647;
			dstPath = /usr/share/man/man1/;
			dstSubfolderSpec = 0;
			files = (
			);
			runOnlyForDeploymentPostprocessing = 1;
		};
/* End PBXCopyFilesBuildPhase section */

/* Begin PBXFileReference section */
		362BC2AC21BA7031000D37EA /* ThreadsViewDatasource.swift */ = {isa = PBXFileReference; lastKnownFileType = sourcecode.swift; path = ThreadsViewDatasource.swift; sourceTree = "<group>"; };
		3661AE2A21B912B500961F2A /* PLCrash Viewer.app */ = {isa = PBXFileReference; explicitFileType = wrapper.application; includeInIndex = 0; path = "PLCrash Viewer.app"; sourceTree = BUILT_PRODUCTS_DIR; };
		3661AE2D21B912B500961F2A /* AppDelegate.swift */ = {isa = PBXFileReference; lastKnownFileType = sourcecode.swift; path = AppDelegate.swift; sourceTree = "<group>"; };
		3661AE2F21B912B500961F2A /* Document.swift */ = {isa = PBXFileReference; lastKnownFileType = sourcecode.swift; path = Document.swift; sourceTree = "<group>"; };
		3661AE3221B912B500961F2A /* Base */ = {isa = PBXFileReference; lastKnownFileType = file.xib; name = Base; path = Base.lproj/Document.xib; sourceTree = "<group>"; };
		3661AE3421B912B600961F2A /* Assets.xcassets */ = {isa = PBXFileReference; lastKnownFileType = folder.assetcatalog; path = Assets.xcassets; sourceTree = "<group>"; };
		3661AE3721B912B600961F2A /* Base */ = {isa = PBXFileReference; lastKnownFileType = file.xib; name = Base; path = Base.lproj/MainMenu.xib; sourceTree = "<group>"; };
		3661AE3921B912B600961F2A /* Info.plist */ = {isa = PBXFileReference; lastKnownFileType = text.plist.xml; path = Info.plist; sourceTree = "<group>"; };
		3661AE3A21B912B600961F2A /* PLCrash_Viewer.entitlements */ = {isa = PBXFileReference; lastKnownFileType = text.plist.entitlements; path = PLCrash_Viewer.entitlements; sourceTree = "<group>"; };
		3661AE3F21B912B600961F2A /* PLCrash ViewerTests.xctest */ = {isa = PBXFileReference; explicitFileType = wrapper.cfbundle; includeInIndex = 0; path = "PLCrash ViewerTests.xctest"; sourceTree = BUILT_PRODUCTS_DIR; };
		3661AE4321B912B600961F2A /* PLCrash_ViewerTests.swift */ = {isa = PBXFileReference; lastKnownFileType = sourcecode.swift; path = PLCrash_ViewerTests.swift; sourceTree = "<group>"; };
		3661AE4521B912B600961F2A /* Info.plist */ = {isa = PBXFileReference; lastKnownFileType = text.plist.xml; path = Info.plist; sourceTree = "<group>"; };
		3661AE5021B9134400961F2A /* PLCrashNamespace.h */ = {isa = PBXFileReference; fileEncoding = 4; lastKnownFileType = sourcecode.c.h; path = PLCrashNamespace.h; sourceTree = "<group>"; };
		3661AE5121B9134400961F2A /* PLCrashFeatureConfig.h */ = {isa = PBXFileReference; fileEncoding = 4; lastKnownFileType = sourcecode.c.h; path = PLCrashFeatureConfig.h; sourceTree = "<group>"; };
		3661AE5221B9134400961F2A /* PLCrashReporter.h */ = {isa = PBXFileReference; fileEncoding = 4; lastKnownFileType = sourcecode.c.h; path = PLCrashReporter.h; sourceTree = "<group>"; };
		3661AE5321B9134400961F2A /* PLCrashReportRegisterInfo.h */ = {isa = PBXFileReference; fileEncoding = 4; lastKnownFileType = sourcecode.c.h; path = PLCrashReportRegisterInfo.h; sourceTree = "<group>"; };
		3661AE5421B9134400961F2A /* PLCrashReportBinaryImageInfo.h */ = {isa = PBXFileReference; fileEncoding = 4; lastKnownFileType = sourcecode.c.h; path = PLCrashReportBinaryImageInfo.h; sourceTree = "<group>"; };
		3661AE5521B9134400961F2A /* PLCrashReport.h */ = {isa = PBXFileReference; fileEncoding = 4; lastKnownFileType = sourcecode.c.h; path = PLCrashReport.h; sourceTree = "<group>"; };
		3661AE5621B9134400961F2A /* PLCrashMacros.h */ = {isa = PBXFileReference; fileEncoding = 4; lastKnownFileType = sourcecode.c.h; path = PLCrashMacros.h; sourceTree = "<group>"; };
		3661AE5721B9134400961F2A /* PLCrashReporterConfig.h */ = {isa = PBXFileReference; fileEncoding = 4; lastKnownFileType = sourcecode.c.h; path = PLCrashReporterConfig.h; sourceTree = "<group>"; };
		3661AE5821B9134400961F2A /* PLCrashReportMachExceptionInfo.h */ = {isa = PBXFileReference; fileEncoding = 4; lastKnownFileType = sourcecode.c.h; path = PLCrashReportMachExceptionInfo.h; sourceTree = "<group>"; };
		3661AE5921B9134400961F2A /* PLCrashReportThreadInfo.h */ = {isa = PBXFileReference; fileEncoding = 4; lastKnownFileType = sourcecode.c.h; path = PLCrashReportThreadInfo.h; sourceTree = "<group>"; };
		3661AE5A21B9134400961F2A /* PLCrashReportStackFrameInfo.h */ = {isa = PBXFileReference; fileEncoding = 4; lastKnownFileType = sourcecode.c.h; path = PLCrashReportStackFrameInfo.h; sourceTree = "<group>"; };
		3661AE5B21B9134400961F2A /* PLCrashReportSystemInfo.h */ = {isa = PBXFileReference; fileEncoding = 4; lastKnownFileType = sourcecode.c.h; path = PLCrashReportSystemInfo.h; sourceTree = "<group>"; };
		3661AE5C21B9134400961F2A /* PLCrashReportExceptionInfo.h */ = {isa = PBXFileReference; fileEncoding = 4; lastKnownFileType = sourcecode.c.h; path = PLCrashReportExceptionInfo.h; sourceTree = "<group>"; };
		3661AE5D21B9134400961F2A /* PLCrashReportProcessorInfo.h */ = {isa = PBXFileReference; fileEncoding = 4; lastKnownFileType = sourcecode.c.h; path = PLCrashReportProcessorInfo.h; sourceTree = "<group>"; };
		3661AE5E21B9134400961F2A /* CrashReporter.h */ = {isa = PBXFileReference; fileEncoding = 4; lastKnownFileType = sourcecode.c.h; path = CrashReporter.h; sourceTree = "<group>"; };
		3661AE5F21B9134400961F2A /* PLCrashReportSignalInfo.h */ = {isa = PBXFileReference; fileEncoding = 4; lastKnownFileType = sourcecode.c.h; path = PLCrashReportSignalInfo.h; sourceTree = "<group>"; };
		3661AE6021B9134400961F2A /* PLCrashReportApplicationInfo.h */ = {isa = PBXFileReference; fileEncoding = 4; lastKnownFileType = sourcecode.c.h; path = PLCrashReportApplicationInfo.h; sourceTree = "<group>"; };
		3661AE6121B9134400961F2A /* PLCrashReportMachineInfo.h */ = {isa = PBXFileReference; fileEncoding = 4; lastKnownFileType = sourcecode.c.h; path = PLCrashReportMachineInfo.h; sourceTree = "<group>"; };
		3661AE6221B9134400961F2A /* PLCrashReportTextFormatter.h */ = {isa = PBXFileReference; fileEncoding = 4; lastKnownFileType = sourcecode.c.h; path = PLCrashReportTextFormatter.h; sourceTree = "<group>"; };
		3661AE6321B9134400961F2A /* PLCrashReportFormatter.h */ = {isa = PBXFileReference; fileEncoding = 4; lastKnownFileType = sourcecode.c.h; path = PLCrashReportFormatter.h; sourceTree = "<group>"; };
		3661AE6421B9134400961F2A /* PLCrashReportProcessInfo.h */ = {isa = PBXFileReference; fileEncoding = 4; lastKnownFileType = sourcecode.c.h; path = PLCrashReportProcessInfo.h; sourceTree = "<group>"; };
		3661AE6521B9134400961F2A /* PLCrashReportSymbolInfo.h */ = {isa = PBXFileReference; fileEncoding = 4; lastKnownFileType = sourcecode.c.h; path = PLCrashReportSymbolInfo.h; sourceTree = "<group>"; };
		3661AE6621B9134400961F2A /* libCrashReporter-MacOSX-Static.a */ = {isa = PBXFileReference; lastKnownFileType = archive.ar; path = "libCrashReporter-MacOSX-Static.a"; sourceTree = "<group>"; };
		3661AE6821B9138F00961F2A /* PLCrash Viewer-Bridging-Header.h */ = {isa = PBXFileReference; lastKnownFileType = sourcecode.c.h; path = "PLCrash Viewer-Bridging-Header.h"; sourceTree = "<group>"; };
		5B70726D21CAA7F9001749F1 /* Base */ = {isa = PBXFileReference; lastKnownFileType = file.xib; name = Base; path = Base.lproj/PreferenceWindow.xib; sourceTree = "<group>"; };
		5B70727021CAAB7C001749F1 /* PreferenceWindowController.swift */ = {isa = PBXFileReference; lastKnownFileType = sourcecode.swift; path = PreferenceWindowController.swift; sourceTree = "<group>"; };
		5B70727221CABC7E001749F1 /* DSYMSymbolizer.swift */ = {isa = PBXFileReference; lastKnownFileType = sourcecode.swift; path = DSYMSymbolizer.swift; sourceTree = "<group>"; };
		5B85459E26F36A9B006F3CED /* CachingSymbolizer.swift */ = {isa = PBXFileReference; lastKnownFileType = sourcecode.swift; path = CachingSymbolizer.swift; sourceTree = "<group>"; };
		5B8545A626F36B23006F3CED /* Symbolizer.swift */ = {isa = PBXFileReference; lastKnownFileType = sourcecode.swift; path = Symbolizer.swift; sourceTree = "<group>"; };
		5BF0B0AA2722E67C005203AD /* xplcrash2json */ = {isa = PBXFileReference; explicitFileType = "compiled.mach-o.executable"; includeInIndex = 0; path = xplcrash2json; sourceTree = BUILT_PRODUCTS_DIR; };
		5BF0B0B12722E689005203AD /* Arguments.swift */ = {isa = PBXFileReference; fileEncoding = 4; lastKnownFileType = sourcecode.swift; path = Arguments.swift; sourceTree = "<group>"; };
		5BF0B0B22722E689005203AD /* main.swift */ = {isa = PBXFileReference; fileEncoding = 4; lastKnownFileType = sourcecode.swift; path = main.swift; sourceTree = "<group>"; };
		5BF0B0B32722E689005203AD /* xplcrash2json-Bridging-Header.h */ = {isa = PBXFileReference; fileEncoding = 4; lastKnownFileType = sourcecode.c.h; path = "xplcrash2json-Bridging-Header.h"; sourceTree = "<group>"; };
		5BF0B0B72722EB03005203AD /* CrashReport.swift */ = {isa = PBXFileReference; lastKnownFileType = sourcecode.swift; path = CrashReport.swift; sourceTree = "<group>"; };
		5BF0B0BA2722ED4F005203AD /* JSONDump.swift */ = {isa = PBXFileReference; lastKnownFileType = sourcecode.swift; path = JSONDump.swift; sourceTree = "<group>"; };
/* End PBXFileReference section */

/* Begin PBXFrameworksBuildPhase section */
		3661AE2721B912B500961F2A /* Frameworks */ = {
			isa = PBXFrameworksBuildPhase;
			buildActionMask = 2147483647;
			files = (
				3661AE6721B9134400961F2A /* libCrashReporter-MacOSX-Static.a in Frameworks */,
			);
			runOnlyForDeploymentPostprocessing = 0;
		};
		3661AE3C21B912B600961F2A /* Frameworks */ = {
			isa = PBXFrameworksBuildPhase;
			buildActionMask = 2147483647;
			files = (
			);
			runOnlyForDeploymentPostprocessing = 0;
		};
		5BF0B0A72722E67C005203AD /* Frameworks */ = {
			isa = PBXFrameworksBuildPhase;
			buildActionMask = 2147483647;
			files = (
				5BF0B0B62722E7A7005203AD /* libCrashReporter-MacOSX-Static.a in Frameworks */,
			);
			runOnlyForDeploymentPostprocessing = 0;
		};
/* End PBXFrameworksBuildPhase section */

/* Begin PBXGroup section */
		3661AE2121B912B500961F2A = {
			isa = PBXGroup;
			children = (
				3661AE2C21B912B500961F2A /* PLCrash Viewer */,
				3661AE4221B912B600961F2A /* PLCrash ViewerTests */,
				5BF0B0AB2722E67C005203AD /* xplcrash2json */,
				3661AE2B21B912B500961F2A /* Products */,
			);
			sourceTree = "<group>";
		};
		3661AE2B21B912B500961F2A /* Products */ = {
			isa = PBXGroup;
			children = (
				3661AE2A21B912B500961F2A /* PLCrash Viewer.app */,
				3661AE3F21B912B600961F2A /* PLCrash ViewerTests.xctest */,
				5BF0B0AA2722E67C005203AD /* xplcrash2json */,
			);
			name = Products;
			sourceTree = "<group>";
		};
		3661AE2C21B912B500961F2A /* PLCrash Viewer */ = {
			isa = PBXGroup;
			children = (
				3661AE4E21B9134400961F2A /* CrashReporter */,
				3661AE2D21B912B500961F2A /* AppDelegate.swift */,
				3661AE3121B912B500961F2A /* Document.xib */,
				3661AE2F21B912B500961F2A /* Document.swift */,
				362BC2AC21BA7031000D37EA /* ThreadsViewDatasource.swift */,
				3661AE3421B912B600961F2A /* Assets.xcassets */,
				3661AE3621B912B600961F2A /* MainMenu.xib */,
				5B70726C21CAA7F9001749F1 /* PreferenceWindow.xib */,
				5B70727021CAAB7C001749F1 /* PreferenceWindowController.swift */,
				5B8545A626F36B23006F3CED /* Symbolizer.swift */,
				5B70727221CABC7E001749F1 /* DSYMSymbolizer.swift */,
				5B85459E26F36A9B006F3CED /* CachingSymbolizer.swift */,
				3661AE3921B912B600961F2A /* Info.plist */,
				3661AE3A21B912B600961F2A /* PLCrash_Viewer.entitlements */,
				3661AE6821B9138F00961F2A /* PLCrash Viewer-Bridging-Header.h */,
				5BF0B0B72722EB03005203AD /* CrashReport.swift */,
			);
			path = "PLCrash Viewer";
			sourceTree = "<group>";
		};
		3661AE4221B912B600961F2A /* PLCrash ViewerTests */ = {
			isa = PBXGroup;
			children = (
				3661AE4321B912B600961F2A /* PLCrash_ViewerTests.swift */,
				3661AE4521B912B600961F2A /* Info.plist */,
			);
			path = "PLCrash ViewerTests";
			sourceTree = "<group>";
		};
		3661AE4E21B9134400961F2A /* CrashReporter */ = {
			isa = PBXGroup;
			children = (
				3661AE4F21B9134400961F2A /* Headers */,
				3661AE6621B9134400961F2A /* libCrashReporter-MacOSX-Static.a */,
			);
			name = CrashReporter;
			path = Vendor/CrashReporter;
			sourceTree = SOURCE_ROOT;
		};
		3661AE4F21B9134400961F2A /* Headers */ = {
			isa = PBXGroup;
			children = (
				3661AE5021B9134400961F2A /* PLCrashNamespace.h */,
				3661AE5121B9134400961F2A /* PLCrashFeatureConfig.h */,
				3661AE5221B9134400961F2A /* PLCrashReporter.h */,
				3661AE5321B9134400961F2A /* PLCrashReportRegisterInfo.h */,
				3661AE5421B9134400961F2A /* PLCrashReportBinaryImageInfo.h */,
				3661AE5521B9134400961F2A /* PLCrashReport.h */,
				3661AE5621B9134400961F2A /* PLCrashMacros.h */,
				3661AE5721B9134400961F2A /* PLCrashReporterConfig.h */,
				3661AE5821B9134400961F2A /* PLCrashReportMachExceptionInfo.h */,
				3661AE5921B9134400961F2A /* PLCrashReportThreadInfo.h */,
				3661AE5A21B9134400961F2A /* PLCrashReportStackFrameInfo.h */,
				3661AE5B21B9134400961F2A /* PLCrashReportSystemInfo.h */,
				3661AE5C21B9134400961F2A /* PLCrashReportExceptionInfo.h */,
				3661AE5D21B9134400961F2A /* PLCrashReportProcessorInfo.h */,
				3661AE5E21B9134400961F2A /* CrashReporter.h */,
				3661AE5F21B9134400961F2A /* PLCrashReportSignalInfo.h */,
				3661AE6021B9134400961F2A /* PLCrashReportApplicationInfo.h */,
				3661AE6121B9134400961F2A /* PLCrashReportMachineInfo.h */,
				3661AE6221B9134400961F2A /* PLCrashReportTextFormatter.h */,
				3661AE6321B9134400961F2A /* PLCrashReportFormatter.h */,
				3661AE6421B9134400961F2A /* PLCrashReportProcessInfo.h */,
				3661AE6521B9134400961F2A /* PLCrashReportSymbolInfo.h */,
			);
			path = Headers;
			sourceTree = "<group>";
		};
		5BF0B0AB2722E67C005203AD /* xplcrash2json */ = {
			isa = PBXGroup;
			children = (
				5BF0B0B22722E689005203AD /* main.swift */,
				5BF0B0B32722E689005203AD /* xplcrash2json-Bridging-Header.h */,
				5BF0B0B12722E689005203AD /* Arguments.swift */,
				5BF0B0BA2722ED4F005203AD /* JSONDump.swift */,
			);
			path = xplcrash2json;
			sourceTree = "<group>";
		};
/* End PBXGroup section */

/* Begin PBXNativeTarget section */
		3661AE2921B912B500961F2A /* PLCrash Viewer */ = {
			isa = PBXNativeTarget;
			buildConfigurationList = 3661AE4821B912B600961F2A /* Build configuration list for PBXNativeTarget "PLCrash Viewer" */;
			buildPhases = (
				3661AE2621B912B500961F2A /* Sources */,
				3661AE2721B912B500961F2A /* Frameworks */,
				3661AE2821B912B500961F2A /* Resources */,
			);
			buildRules = (
			);
			dependencies = (
			);
			name = "PLCrash Viewer";
			productName = "PLCrash Viewer";
			productReference = 3661AE2A21B912B500961F2A /* PLCrash Viewer.app */;
			productType = "com.apple.product-type.application";
		};
		3661AE3E21B912B600961F2A /* PLCrash ViewerTests */ = {
			isa = PBXNativeTarget;
			buildConfigurationList = 3661AE4B21B912B600961F2A /* Build configuration list for PBXNativeTarget "PLCrash ViewerTests" */;
			buildPhases = (
				3661AE3B21B912B600961F2A /* Sources */,
				3661AE3C21B912B600961F2A /* Frameworks */,
				3661AE3D21B912B600961F2A /* Resources */,
			);
			buildRules = (
			);
			dependencies = (
				3661AE4121B912B600961F2A /* PBXTargetDependency */,
			);
			name = "PLCrash ViewerTests";
			productName = "PLCrash ViewerTests";
			productReference = 3661AE3F21B912B600961F2A /* PLCrash ViewerTests.xctest */;
			productType = "com.apple.product-type.bundle.unit-test";
		};
		5BF0B0A92722E67C005203AD /* xplcrash2json */ = {
			isa = PBXNativeTarget;
			buildConfigurationList = 5BF0B0B02722E67C005203AD /* Build configuration list for PBXNativeTarget "xplcrash2json" */;
			buildPhases = (
				5BF0B0A62722E67C005203AD /* Sources */,
				5BF0B0A72722E67C005203AD /* Frameworks */,
				5BF0B0A82722E67C005203AD /* CopyFiles */,
			);
			buildRules = (
			);
			dependencies = (
			);
			name = xplcrash2json;
			productName = xplcrash2json;
			productReference = 5BF0B0AA2722E67C005203AD /* xplcrash2json */;
			productType = "com.apple.product-type.tool";
		};
/* End PBXNativeTarget section */

/* Begin PBXProject section */
		3661AE2221B912B500961F2A /* Project object */ = {
			isa = PBXProject;
			attributes = {
				LastSwiftUpdateCheck = 1300;
				LastUpgradeCheck = 1010;
				ORGANIZATIONNAME = "Egger Apps";
				TargetAttributes = {
					3661AE2921B912B500961F2A = {
						CreatedOnToolsVersion = 10.1;
						LastSwiftMigration = 1010;
						SystemCapabilities = {
							com.apple.Sandbox = {
								enabled = 0;
							};
						};
					};
					3661AE3E21B912B600961F2A = {
						CreatedOnToolsVersion = 10.1;
						TestTargetID = 3661AE2921B912B500961F2A;
					};
					5BF0B0A92722E67C005203AD = {
						CreatedOnToolsVersion = 13.0;
					};
				};
			};
			buildConfigurationList = 3661AE2521B912B500961F2A /* Build configuration list for PBXProject "PLCrash Viewer" */;
			compatibilityVersion = "Xcode 9.3";
			developmentRegion = en;
			hasScannedForEncodings = 0;
			knownRegions = (
				en,
				Base,
			);
			mainGroup = 3661AE2121B912B500961F2A;
			productRefGroup = 3661AE2B21B912B500961F2A /* Products */;
			projectDirPath = "";
			projectRoot = "";
			targets = (
				3661AE2921B912B500961F2A /* PLCrash Viewer */,
				3661AE3E21B912B600961F2A /* PLCrash ViewerTests */,
				5BF0B0A92722E67C005203AD /* xplcrash2json */,
			);
		};
/* End PBXProject section */

/* Begin PBXResourcesBuildPhase section */
		3661AE2821B912B500961F2A /* Resources */ = {
			isa = PBXResourcesBuildPhase;
			buildActionMask = 2147483647;
			files = (
				3661AE3521B912B600961F2A /* Assets.xcassets in Resources */,
				3661AE3321B912B500961F2A /* Document.xib in Resources */,
				5B70726E21CAA7F9001749F1 /* PreferenceWindow.xib in Resources */,
				3661AE3821B912B600961F2A /* MainMenu.xib in Resources */,
			);
			runOnlyForDeploymentPostprocessing = 0;
		};
		3661AE3D21B912B600961F2A /* Resources */ = {
			isa = PBXResourcesBuildPhase;
			buildActionMask = 2147483647;
			files = (
			);
			runOnlyForDeploymentPostprocessing = 0;
		};
/* End PBXResourcesBuildPhase section */

/* Begin PBXSourcesBuildPhase section */
		3661AE2621B912B500961F2A /* Sources */ = {
			isa = PBXSourcesBuildPhase;
			buildActionMask = 2147483647;
			files = (
				5B70727121CAAB7C001749F1 /* PreferenceWindowController.swift in Sources */,
				5BF0B0B82722EB03005203AD /* CrashReport.swift in Sources */,
				3661AE3021B912B500961F2A /* Document.swift in Sources */,
				5B70727321CABC7E001749F1 /* DSYMSymbolizer.swift in Sources */,
				5B85459F26F36A9B006F3CED /* CachingSymbolizer.swift in Sources */,
				362BC2AD21BA7031000D37EA /* ThreadsViewDatasource.swift in Sources */,
				5B8545A726F36B23006F3CED /* Symbolizer.swift in Sources */,
				3661AE2E21B912B500961F2A /* AppDelegate.swift in Sources */,
			);
			runOnlyForDeploymentPostprocessing = 0;
		};
		3661AE3B21B912B600961F2A /* Sources */ = {
			isa = PBXSourcesBuildPhase;
			buildActionMask = 2147483647;
			files = (
				3661AE4421B912B600961F2A /* PLCrash_ViewerTests.swift in Sources */,
			);
			runOnlyForDeploymentPostprocessing = 0;
		};
		5BF0B0A62722E67C005203AD /* Sources */ = {
			isa = PBXSourcesBuildPhase;
			buildActionMask = 2147483647;
			files = (
				5BF0B0B92722EB1B005203AD /* CrashReport.swift in Sources */,
				5BB196522722FC04008F3942 /* Symbolizer.swift in Sources */,
				5BF0B0BB2722ED4F005203AD /* JSONDump.swift in Sources */,
				5B4368EB2731B77B007F2E53 /* CachingSymbolizer.swift in Sources */,
				5BB196512722FC01008F3942 /* DSYMSymbolizer.swift in Sources */,
				5BF0B0B42722E689005203AD /* Arguments.swift in Sources */,
				5BF0B0B52722E689005203AD /* main.swift in Sources */,
			);
			runOnlyForDeploymentPostprocessing = 0;
		};
/* End PBXSourcesBuildPhase section */

/* Begin PBXTargetDependency section */
		3661AE4121B912B600961F2A /* PBXTargetDependency */ = {
			isa = PBXTargetDependency;
			target = 3661AE2921B912B500961F2A /* PLCrash Viewer */;
			targetProxy = 3661AE4021B912B600961F2A /* PBXContainerItemProxy */;
		};
/* End PBXTargetDependency section */

/* Begin PBXVariantGroup section */
		3661AE3121B912B500961F2A /* Document.xib */ = {
			isa = PBXVariantGroup;
			children = (
				3661AE3221B912B500961F2A /* Base */,
			);
			name = Document.xib;
			sourceTree = "<group>";
		};
		3661AE3621B912B600961F2A /* MainMenu.xib */ = {
			isa = PBXVariantGroup;
			children = (
				3661AE3721B912B600961F2A /* Base */,
			);
			name = MainMenu.xib;
			sourceTree = "<group>";
		};
		5B70726C21CAA7F9001749F1 /* PreferenceWindow.xib */ = {
			isa = PBXVariantGroup;
			children = (
				5B70726D21CAA7F9001749F1 /* Base */,
			);
			name = PreferenceWindow.xib;
			sourceTree = "<group>";
		};
/* End PBXVariantGroup section */

/* Begin XCBuildConfiguration section */
		3661AE4621B912B600961F2A /* Debug */ = {
			isa = XCBuildConfiguration;
			buildSettings = {
				ALWAYS_SEARCH_USER_PATHS = NO;
				CLANG_ANALYZER_NONNULL = YES;
				CLANG_ANALYZER_NUMBER_OBJECT_CONVERSION = YES_AGGRESSIVE;
				CLANG_CXX_LANGUAGE_STANDARD = "gnu++14";
				CLANG_CXX_LIBRARY = "libc++";
				CLANG_ENABLE_MODULES = YES;
				CLANG_ENABLE_OBJC_ARC = YES;
				CLANG_ENABLE_OBJC_WEAK = YES;
				CLANG_WARN_BLOCK_CAPTURE_AUTORELEASING = YES;
				CLANG_WARN_BOOL_CONVERSION = YES;
				CLANG_WARN_COMMA = YES;
				CLANG_WARN_CONSTANT_CONVERSION = YES;
				CLANG_WARN_DEPRECATED_OBJC_IMPLEMENTATIONS = YES;
				CLANG_WARN_DIRECT_OBJC_ISA_USAGE = YES_ERROR;
				CLANG_WARN_DOCUMENTATION_COMMENTS = YES;
				CLANG_WARN_EMPTY_BODY = YES;
				CLANG_WARN_ENUM_CONVERSION = YES;
				CLANG_WARN_INFINITE_RECURSION = YES;
				CLANG_WARN_INT_CONVERSION = YES;
				CLANG_WARN_NON_LITERAL_NULL_CONVERSION = YES;
				CLANG_WARN_OBJC_IMPLICIT_RETAIN_SELF = YES;
				CLANG_WARN_OBJC_LITERAL_CONVERSION = YES;
				CLANG_WARN_OBJC_ROOT_CLASS = YES_ERROR;
				CLANG_WARN_RANGE_LOOP_ANALYSIS = YES;
				CLANG_WARN_STRICT_PROTOTYPES = YES;
				CLANG_WARN_SUSPICIOUS_MOVE = YES;
				CLANG_WARN_UNGUARDED_AVAILABILITY = YES_AGGRESSIVE;
				CLANG_WARN_UNREACHABLE_CODE = YES;
				CLANG_WARN__DUPLICATE_METHOD_MATCH = YES;
				CODE_SIGN_IDENTITY = "-";
				COPY_PHASE_STRIP = NO;
				DEBUG_INFORMATION_FORMAT = dwarf;
				ENABLE_STRICT_OBJC_MSGSEND = YES;
				ENABLE_TESTABILITY = YES;
				GCC_C_LANGUAGE_STANDARD = gnu11;
				GCC_DYNAMIC_NO_PIC = NO;
				GCC_NO_COMMON_BLOCKS = YES;
				GCC_OPTIMIZATION_LEVEL = 0;
				GCC_PREPROCESSOR_DEFINITIONS = (
					"DEBUG=1",
					"$(inherited)",
				);
				GCC_WARN_64_TO_32_BIT_CONVERSION = YES;
				GCC_WARN_ABOUT_RETURN_TYPE = YES_ERROR;
				GCC_WARN_UNDECLARED_SELECTOR = YES;
				GCC_WARN_UNINITIALIZED_AUTOS = YES_AGGRESSIVE;
				GCC_WARN_UNUSED_FUNCTION = YES;
				GCC_WARN_UNUSED_VARIABLE = YES;
				MACOSX_DEPLOYMENT_TARGET = 10.14;
				MTL_ENABLE_DEBUG_INFO = INCLUDE_SOURCE;
				MTL_FAST_MATH = YES;
				ONLY_ACTIVE_ARCH = YES;
				SDKROOT = macosx;
				SWIFT_ACTIVE_COMPILATION_CONDITIONS = DEBUG;
				SWIFT_OPTIMIZATION_LEVEL = "-Onone";
			};
			name = Debug;
		};
		3661AE4721B912B600961F2A /* Release */ = {
			isa = XCBuildConfiguration;
			buildSettings = {
				ALWAYS_SEARCH_USER_PATHS = NO;
				CLANG_ANALYZER_NONNULL = YES;
				CLANG_ANALYZER_NUMBER_OBJECT_CONVERSION = YES_AGGRESSIVE;
				CLANG_CXX_LANGUAGE_STANDARD = "gnu++14";
				CLANG_CXX_LIBRARY = "libc++";
				CLANG_ENABLE_MODULES = YES;
				CLANG_ENABLE_OBJC_ARC = YES;
				CLANG_ENABLE_OBJC_WEAK = YES;
				CLANG_WARN_BLOCK_CAPTURE_AUTORELEASING = YES;
				CLANG_WARN_BOOL_CONVERSION = YES;
				CLANG_WARN_COMMA = YES;
				CLANG_WARN_CONSTANT_CONVERSION = YES;
				CLANG_WARN_DEPRECATED_OBJC_IMPLEMENTATIONS = YES;
				CLANG_WARN_DIRECT_OBJC_ISA_USAGE = YES_ERROR;
				CLANG_WARN_DOCUMENTATION_COMMENTS = YES;
				CLANG_WARN_EMPTY_BODY = YES;
				CLANG_WARN_ENUM_CONVERSION = YES;
				CLANG_WARN_INFINITE_RECURSION = YES;
				CLANG_WARN_INT_CONVERSION = YES;
				CLANG_WARN_NON_LITERAL_NULL_CONVERSION = YES;
				CLANG_WARN_OBJC_IMPLICIT_RETAIN_SELF = YES;
				CLANG_WARN_OBJC_LITERAL_CONVERSION = YES;
				CLANG_WARN_OBJC_ROOT_CLASS = YES_ERROR;
				CLANG_WARN_RANGE_LOOP_ANALYSIS = YES;
				CLANG_WARN_STRICT_PROTOTYPES = YES;
				CLANG_WARN_SUSPICIOUS_MOVE = YES;
				CLANG_WARN_UNGUARDED_AVAILABILITY = YES_AGGRESSIVE;
				CLANG_WARN_UNREACHABLE_CODE = YES;
				CLANG_WARN__DUPLICATE_METHOD_MATCH = YES;
				CODE_SIGN_IDENTITY = "-";
				COPY_PHASE_STRIP = NO;
				DEBUG_INFORMATION_FORMAT = "dwarf-with-dsym";
				ENABLE_NS_ASSERTIONS = NO;
				ENABLE_STRICT_OBJC_MSGSEND = YES;
				GCC_C_LANGUAGE_STANDARD = gnu11;
				GCC_NO_COMMON_BLOCKS = YES;
				GCC_WARN_64_TO_32_BIT_CONVERSION = YES;
				GCC_WARN_ABOUT_RETURN_TYPE = YES_ERROR;
				GCC_WARN_UNDECLARED_SELECTOR = YES;
				GCC_WARN_UNINITIALIZED_AUTOS = YES_AGGRESSIVE;
				GCC_WARN_UNUSED_FUNCTION = YES;
				GCC_WARN_UNUSED_VARIABLE = YES;
				MACOSX_DEPLOYMENT_TARGET = 10.14;
				MTL_ENABLE_DEBUG_INFO = NO;
				MTL_FAST_MATH = YES;
				SDKROOT = macosx;
				SWIFT_COMPILATION_MODE = wholemodule;
				SWIFT_OPTIMIZATION_LEVEL = "-O";
			};
			name = Release;
		};
		3661AE4921B912B600961F2A /* Debug */ = {
			isa = XCBuildConfiguration;
			buildSettings = {
				ARCHS = x86_64;
				ASSETCATALOG_COMPILER_APPICON_NAME = AppIcon;
				CLANG_ENABLE_MODULES = YES;
				CODE_SIGN_STYLE = Automatic;
				COMBINE_HIDPI_IMAGES = YES;
				INFOPLIST_FILE = "PLCrash Viewer/Info.plist";
				LD_RUNPATH_SEARCH_PATHS = (
					"$(inherited)",
					"@executable_path/../Frameworks",
				);
				LIBRARY_SEARCH_PATHS = (
					"$(inherited)",
					"$(PROJECT_DIR)/Vendor/CrashReporter",
				);
				MACOSX_DEPLOYMENT_TARGET = 10.15;
				PRODUCT_BUNDLE_IDENTIFIER = "at.eggerapps.PLCrash-Viewer";
				PRODUCT_NAME = "$(TARGET_NAME)";
				SWIFT_OBJC_BRIDGING_HEADER = "PLCrash Viewer/PLCrash Viewer-Bridging-Header.h";
				SWIFT_OPTIMIZATION_LEVEL = "-Onone";
				SWIFT_VERSION = 4.2;
			};
			name = Debug;
		};
		3661AE4A21B912B600961F2A /* Release */ = {
			isa = XCBuildConfiguration;
			buildSettings = {
				ARCHS = x86_64;
				ASSETCATALOG_COMPILER_APPICON_NAME = AppIcon;
				CLANG_ENABLE_MODULES = YES;
				CODE_SIGN_STYLE = Automatic;
				COMBINE_HIDPI_IMAGES = YES;
				INFOPLIST_FILE = "PLCrash Viewer/Info.plist";
				LD_RUNPATH_SEARCH_PATHS = (
					"$(inherited)",
					"@executable_path/../Frameworks",
				);
				LIBRARY_SEARCH_PATHS = (
					"$(inherited)",
					"$(PROJECT_DIR)/Vendor/CrashReporter",
				);
				MACOSX_DEPLOYMENT_TARGET = 10.15;
				PRODUCT_BUNDLE_IDENTIFIER = "at.eggerapps.PLCrash-Viewer";
				PRODUCT_NAME = "$(TARGET_NAME)";
				SWIFT_OBJC_BRIDGING_HEADER = "PLCrash Viewer/PLCrash Viewer-Bridging-Header.h";
				SWIFT_VERSION = 4.2;
			};
			name = Release;
		};
		3661AE4C21B912B600961F2A /* Debug */ = {
			isa = XCBuildConfiguration;
			buildSettings = {
				ALWAYS_EMBED_SWIFT_STANDARD_LIBRARIES = YES;
				BUNDLE_LOADER = "$(TEST_HOST)";
				CODE_SIGN_STYLE = Automatic;
				COMBINE_HIDPI_IMAGES = YES;
				INFOPLIST_FILE = "PLCrash ViewerTests/Info.plist";
				LD_RUNPATH_SEARCH_PATHS = (
					"$(inherited)",
					"@executable_path/../Frameworks",
					"@loader_path/../Frameworks",
				);
				PRODUCT_BUNDLE_IDENTIFIER = "at.eggerapps.PLCrash-ViewerTests";
				PRODUCT_NAME = "$(TARGET_NAME)";
				SWIFT_VERSION = 4.2;
				TEST_HOST = "$(BUILT_PRODUCTS_DIR)/PLCrash Viewer.app/Contents/MacOS/PLCrash Viewer";
			};
			name = Debug;
		};
		3661AE4D21B912B600961F2A /* Release */ = {
			isa = XCBuildConfiguration;
			buildSettings = {
				ALWAYS_EMBED_SWIFT_STANDARD_LIBRARIES = YES;
				BUNDLE_LOADER = "$(TEST_HOST)";
				CODE_SIGN_STYLE = Automatic;
				COMBINE_HIDPI_IMAGES = YES;
				INFOPLIST_FILE = "PLCrash ViewerTests/Info.plist";
				LD_RUNPATH_SEARCH_PATHS = (
					"$(inherited)",
					"@executable_path/../Frameworks",
					"@loader_path/../Frameworks",
				);
				PRODUCT_BUNDLE_IDENTIFIER = "at.eggerapps.PLCrash-ViewerTests";
				PRODUCT_NAME = "$(TARGET_NAME)";
				SWIFT_VERSION = 4.2;
				TEST_HOST = "$(BUILT_PRODUCTS_DIR)/PLCrash Viewer.app/Contents/MacOS/PLCrash Viewer";
			};
			name = Release;
		};
		5BF0B0AE2722E67C005203AD /* Debug */ = {
			isa = XCBuildConfiguration;
			buildSettings = {
				CLANG_CXX_LANGUAGE_STANDARD = "gnu++17";
				CLANG_WARN_QUOTED_INCLUDE_IN_FRAMEWORK_HEADER = YES;
				CODE_SIGN_STYLE = Automatic;
				LIBRARY_SEARCH_PATHS = (
					"$(inherited)",
					"$(PROJECT_DIR)/Vendor/CrashReporter",
				);
				MACOSX_DEPLOYMENT_TARGET = 10.15.4;
				PRODUCT_NAME = "$(TARGET_NAME)";
				SWIFT_OBJC_BRIDGING_HEADER = "xplcrash2json/xplcrash2json-Bridging-Header.h";
				SWIFT_VERSION = 5.0;
			};
			name = Debug;
		};
		5BF0B0AF2722E67C005203AD /* Release */ = {
			isa = XCBuildConfiguration;
			buildSettings = {
				CLANG_CXX_LANGUAGE_STANDARD = "gnu++17";
				CLANG_WARN_QUOTED_INCLUDE_IN_FRAMEWORK_HEADER = YES;
				CODE_SIGN_STYLE = Automatic;
				LIBRARY_SEARCH_PATHS = (
					"$(inherited)",
					"$(PROJECT_DIR)/Vendor/CrashReporter",
				);
				MACOSX_DEPLOYMENT_TARGET = 10.15.4;
				PRODUCT_NAME = "$(TARGET_NAME)";
				SWIFT_OBJC_BRIDGING_HEADER = "xplcrash2json/xplcrash2json-Bridging-Header.h";
				SWIFT_VERSION = 5.0;
			};
			name = Release;
		};
/* End XCBuildConfiguration section */

/* Begin XCConfigurationList section */
		3661AE2521B912B500961F2A /* Build configuration list for PBXProject "PLCrash Viewer" */ = {
			isa = XCConfigurationList;
			buildConfigurations = (
				3661AE4621B912B600961F2A /* Debug */,
				3661AE4721B912B600961F2A /* Release */,
			);
			defaultConfigurationIsVisible = 0;
			defaultConfigurationName = Release;
		};
		3661AE4821B912B600961F2A /* Build configuration list for PBXNativeTarget "PLCrash Viewer" */ = {
			isa = XCConfigurationList;
			buildConfigurations = (
				3661AE4921B912B600961F2A /* Debug */,
				3661AE4A21B912B600961F2A /* Release */,
			);
			defaultConfigurationIsVisible = 0;
			defaultConfigurationName = Release;
		};
		3661AE4B21B912B600961F2A /* Build configuration list for PBXNativeTarget "PLCrash ViewerTests" */ = {
			isa = XCConfigurationList;
			buildConfigurations = (
				3661AE4C21B912B600961F2A /* Debug */,
				3661AE4D21B912B600961F2A /* Release */,
			);
			defaultConfigurationIsVisible = 0;
			defaultConfigurationName = Release;
		};
		5BF0B0B02722E67C005203AD /* Build configuration list for PBXNativeTarget "xplcrash2json" */ = {
			isa = XCConfigurationList;
			buildConfigurations = (
				5BF0B0AE2722E67C005203AD /* Debug */,
				5BF0B0AF2722E67C005203AD /* Release */,
			);
			defaultConfigurationIsVisible = 0;
			defaultConfigurationName = Release;
		};
/* End XCConfigurationList section */
	};
	rootObject = 3661AE2221B912B500961F2A /* Project object */;
}
